<?xml version="1.0" encoding="utf-8"?>
<Project ToolsVersion="4.0" xmlns="http://schemas.microsoft.com/developer/msbuild/2003">
  <ItemGroup>
    <Filter Include="Archivos de origen">
      <UniqueIdentifier>{4FC737F1-C7A5-4376-A066-2A32D752A2FF}</UniqueIdentifier>
      <Extensions>cpp;c;cc;cxx;c++;cppm;ixx;def;odl;idl;hpj;bat;asm;asmx</Extensions>
    </Filter>
  </ItemGroup>
  <ItemGroup>
    <ClCompile Include="..\..\src\MiJuego\CameraController.cpp">
      <Filter>Archivos de origen</Filter>
    </ClCompile>
    <ClCompile Include="..\..\src\MiJuego\GameManager.cpp">
      <Filter>Archivos de origen</Filter>
    </ClCompile>
    <ClCompile Include="..\..\src\MiJuego\Main.cpp">
      <Filter>Archivos de origen</Filter>
    </ClCompile>
    <ClCompile Include="..\..\src\MiJuego\PruebaScene.cpp">
      <Filter>Archivos de origen</Filter>
    </ClCompile>
    <ClCompile Include="..\..\src\MiJuego\RotationComp.cpp">
      <Filter>Archivos de origen</Filter>
    </ClCompile>
    <ClCompile Include="..\..\src\MiJuego\SpaceScene.cpp">
      <Filter>Archivos de origen</Filter>
    </ClCompile>
  </ItemGroup>
  <ItemGroup>
    <ClInclude Include="..\..\src\MiJuego\CameraController.h">
      <Filter>Archivos de origen</Filter>
    </ClInclude>
    <ClInclude Include="..\..\src\MiJuego\GameManager.h">
      <Filter>Archivos de origen</Filter>
    </ClInclude>
    <ClInclude Include="..\..\src\MiJuego\PruebaScene.h">
      <Filter>Archivos de origen</Filter>
    </ClInclude>
    <ClInclude Include="..\..\src\MiJuego\RotationComp.h">
      <Filter>Archivos de origen</Filter>
    </ClInclude>
    <ClInclude Include="..\..\src\MiJuego\SpaceScene.h">
      <Filter>Archivos de origen</Filter>
    </ClInclude>
  </ItemGroup>
</Project>