<?xml version="1.0" encoding="utf-8"?>
<Project ToolsVersion="4.0" xmlns="http://schemas.microsoft.com/developer/msbuild/2003">
  <ItemGroup>
    <Filter Include="Archivos de origen">
      <UniqueIdentifier>{4FC737F1-C7A5-4376-A066-2A32D752A2FF}</UniqueIdentifier>
      <Extensions>cpp;c;cc;cxx;c++;cppm;ixx;def;odl;idl;hpj;bat;asm;asmx</Extensions>
    </Filter>
    <Filter Include="Scenes">
      <UniqueIdentifier>{ba38d5b1-8858-4b04-98f7-240d74c6aef0}</UniqueIdentifier>
    </Filter>
    <Filter Include="Archivos de origen\Graficos">
      <UniqueIdentifier>{0404eb8c-dfd0-4357-ad2d-4fe1708f340e}</UniqueIdentifier>
    </Filter>
    <Filter Include="Archivos de origen\Fisicas">
      <UniqueIdentifier>{bca7530a-06b0-4543-95f7-1014b22eb7eb}</UniqueIdentifier>
    </Filter>
    <Filter Include="Archivos de origen\Audio">
      <UniqueIdentifier>{3ef00209-4149-4f2b-aa3e-1aebb154aaef}</UniqueIdentifier>
    </Filter>
    <Filter Include="Archivos de origen\Sandbox">
      <UniqueIdentifier>{cd8ec647-0086-412b-ad02-7a95dd310b27}</UniqueIdentifier>
    </Filter>
  </ItemGroup>
  <ItemGroup>
    <ClCompile Include="..\..\src\MiJuego\CameraController.cpp">
      <Filter>Archivos de origen</Filter>
    </ClCompile>
    <ClCompile Include="..\..\src\MiJuego\GameManager.cpp">
      <Filter>Archivos de origen</Filter>
    </ClCompile>
    <ClCompile Include="..\..\src\MiJuego\Main.cpp">
      <Filter>Archivos de origen</Filter>
    </ClCompile>
    <ClCompile Include="..\..\src\MiJuego\Scenes\PruebaScene.cpp">
      <Filter>Scenes</Filter>
    </ClCompile>
    <ClCompile Include="..\..\src\MiJuego\Scenes\PruebaFisicas.cpp">
      <Filter>Scenes</Filter>
    </ClCompile>
    <ClCompile Include="..\..\src\MiJuego\DebugText.cpp">
      <Filter>Archivos de origen</Filter>
    </ClCompile>
    <ClCompile Include="..\..\src\MiJuego\Callbacks.cpp">
      <Filter>Archivos de origen</Filter>
    </ClCompile>
    <ClCompile Include="..\..\src\MiJuego\AguaComp.cpp">
      <Filter>Archivos de origen\Graficos</Filter>
    </ClCompile>
    <ClCompile Include="..\..\src\MiJuego\MultitexComp.cpp">
      <Filter>Archivos de origen\Graficos</Filter>
    </ClCompile>
    <ClCompile Include="..\..\src\MiJuego\ParallaxComp.cpp">
      <Filter>Archivos de origen\Graficos</Filter>
    </ClCompile>
    <ClCompile Include="..\..\src\MiJuego\RotationComp.cpp">
      <Filter>Archivos de origen\Graficos</Filter>
    </ClCompile>
    <ClCompile Include="..\..\src\MiJuego\PhysicsMan.cpp">
      <Filter>Archivos de origen\Fisicas</Filter>
    </ClCompile>
    <ClCompile Include="..\..\src\MiJuego\BloqueComp.cpp">
      <Filter>Archivos de origen\Fisicas</Filter>
    </ClCompile>
    <ClCompile Include="..\..\src\MiJuego\Scenes\PruebaSonido.cpp">
      <Filter>Scenes</Filter>
    </ClCompile>
    <ClCompile Include="..\..\src\MiJuego\AudioMan.cpp">
      <Filter>Archivos de origen\Audio</Filter>
    </ClCompile>
    <ClCompile Include="..\..\src\MiJuego\Piano.cpp">
      <Filter>Archivos de origen\Audio</Filter>
    </ClCompile>
    <ClCompile Include="..\..\src\MiJuego\Ambulancia.cpp">
      <Filter>Archivos de origen\Audio</Filter>
    </ClCompile>
    <ClCompile Include="..\..\src\MiJuego\Scenes\Sandbox.cpp">
      <Filter>Scenes</Filter>
    </ClCompile>
    <ClCompile Include="..\..\src\MiJuego\DayCicle.cpp">
      <Filter>Archivos de origen\Sandbox</Filter>
    </ClCompile>
    <ClCompile Include="..\..\src\MiJuego\SandboxMan.cpp">
      <Filter>Archivos de origen\Sandbox</Filter>
    </ClCompile>
    <ClCompile Include="..\..\src\MiJuego\Viento.cpp">
      <Filter>Archivos de origen\Fisicas</Filter>
    </ClCompile>
  </ItemGroup>
  <ItemGroup>
    <ClInclude Include="..\..\src\MiJuego\CameraController.h">
      <Filter>Archivos de origen</Filter>
    </ClInclude>
    <ClInclude Include="..\..\src\MiJuego\GameManager.h">
      <Filter>Archivos de origen</Filter>
    </ClInclude>
    <ClInclude Include="..\..\src\MiJuego\Scenes\PruebaScene.h">
      <Filter>Scenes</Filter>
    </ClInclude>
    <ClInclude Include="..\..\src\MiJuego\Scenes\PruebaFisicas.h">
      <Filter>Scenes</Filter>
    </ClInclude>
    <ClInclude Include="..\..\src\MiJuego\DebugText.h">
      <Filter>Archivos de origen</Filter>
    </ClInclude>
    <ClInclude Include="..\..\src\MiJuego\Callbacks.h">
      <Filter>Archivos de origen</Filter>
    </ClInclude>
    <ClInclude Include="..\..\src\MiJuego\AguaComp.h">
      <Filter>Archivos de origen\Graficos</Filter>
    </ClInclude>
    <ClInclude Include="..\..\src\MiJuego\MultitexComp.h">
      <Filter>Archivos de origen\Graficos</Filter>
    </ClInclude>
    <ClInclude Include="..\..\src\MiJuego\ParallaxComp.h">
      <Filter>Archivos de origen\Graficos</Filter>
    </ClInclude>
    <ClInclude Include="..\..\src\MiJuego\RotationComp.h">
      <Filter>Archivos de origen\Graficos</Filter>
    </ClInclude>
    <ClInclude Include="..\..\src\MiJuego\PhysicsMan.h">
      <Filter>Archivos de origen\Fisicas</Filter>
    </ClInclude>
    <ClInclude Include="..\..\src\MiJuego\BloqueComp.h">
      <Filter>Archivos de origen\Fisicas</Filter>
    </ClInclude>
    <ClInclude Include="..\..\src\MiJuego\Scenes\PruebaSonido.h">
      <Filter>Scenes</Filter>
    </ClInclude>
    <ClInclude Include="..\..\src\MiJuego\AudioMan.h">
      <Filter>Archivos de origen\Audio</Filter>
    </ClInclude>
    <ClInclude Include="..\..\src\MiJuego\Piano.h">
      <Filter>Archivos de origen\Audio</Filter>
    </ClInclude>
    <ClInclude Include="..\..\src\MiJuego\Ambulancia.h">
      <Filter>Archivos de origen\Audio</Filter>
    </ClInclude>
    <ClInclude Include="..\..\src\MiJuego\Scenes\Sandbox.h">
      <Filter>Scenes</Filter>
    </ClInclude>
    <ClInclude Include="..\..\src\MiJuego\DayCicle.h">
      <Filter>Archivos de origen\Sandbox</Filter>
    </ClInclude>
    <ClInclude Include="..\..\src\MiJuego\SandboxMan.h">
      <Filter>Archivos de origen\Sandbox</Filter>
    </ClInclude>
    <ClInclude Include="..\..\src\MiJuego\Viento.h">
      <Filter>Archivos de origen\Fisicas</Filter>
    </ClInclude>
  </ItemGroup>
</Project>