<?xml version="1.0" encoding="utf-8"?>
<Project ToolsVersion="4.0" xmlns="http://schemas.microsoft.com/developer/msbuild/2003">
  <ItemGroup>
    <Filter Include="UI">
      <UniqueIdentifier>{7074cc85-ccd5-42a0-b175-21860ce6f3f5}</UniqueIdentifier>
    </Filter>
    <Filter Include="Core">
      <UniqueIdentifier>{d450db40-db6a-4125-b4cd-103db2ae1ab4}</UniqueIdentifier>
    </Filter>
    <Filter Include="Utils">
      <UniqueIdentifier>{382e8342-e976-4d36-a5f2-6fc86c857d7e}</UniqueIdentifier>
    </Filter>
    <Filter Include="Graficos">
      <UniqueIdentifier>{1320ee1d-a25c-4561-85d1-7cbde431e3f4}</UniqueIdentifier>
    </Filter>
    <Filter Include="Fisicas">
      <UniqueIdentifier>{52f4ab5d-f8cb-4116-bd1e-b696cb086bee}</UniqueIdentifier>
    </Filter>
  </ItemGroup>
  <ItemGroup>
    <ClCompile Include="..\..\src\Kepri3D\Utils\MeshLoader.cpp">
      <Filter>Utils</Filter>
    </ClCompile>
    <ClCompile Include="..\..\src\Kepri3D\Utils\Pixmap32RGBA.cpp">
      <Filter>Utils</Filter>
    </ClCompile>
    <ClCompile Include="..\..\src\Kepri3D\Utils\Utils.cpp">
      <Filter>Utils</Filter>
    </ClCompile>
    <ClCompile Include="..\..\src\Kepri3D\UI\Button.cpp">
      <Filter>UI</Filter>
    </ClCompile>
    <ClCompile Include="..\..\src\Kepri3D\UI\Canvas.cpp">
      <Filter>UI</Filter>
    </ClCompile>
    <ClCompile Include="..\..\src\Kepri3D\UI\UIElement.cpp">
      <Filter>UI</Filter>
    </ClCompile>
    <ClCompile Include="..\..\src\Kepri3D\Graficos\Camera.cpp">
      <Filter>Graficos</Filter>
    </ClCompile>
    <ClCompile Include="..\..\src\Kepri3D\Graficos\BufferObjects.cpp">
      <Filter>Graficos</Filter>
    </ClCompile>
    <ClCompile Include="..\..\src\Kepri3D\Graficos\Light.cpp">
      <Filter>Graficos</Filter>
    </ClCompile>
    <ClCompile Include="..\..\src\Kepri3D\Graficos\Material.cpp">
      <Filter>Graficos</Filter>
    </ClCompile>
    <ClCompile Include="..\..\src\Kepri3D\Graficos\Mesh.cpp">
      <Filter>Graficos</Filter>
    </ClCompile>
    <ClCompile Include="..\..\src\Kepri3D\Graficos\Shader.cpp">
      <Filter>Graficos</Filter>
    </ClCompile>
    <ClCompile Include="..\..\src\Kepri3D\Graficos\Texture.cpp">
      <Filter>Graficos</Filter>
    </ClCompile>
    <ClCompile Include="..\..\src\Kepri3D\Component.cpp">
      <Filter>Core</Filter>
    </ClCompile>
    <ClCompile Include="..\..\src\Kepri3D\Entity.cpp">
      <Filter>Core</Filter>
    </ClCompile>
    <ClCompile Include="..\..\src\Kepri3D\Game.cpp">
      <Filter>Core</Filter>
    </ClCompile>
    <ClCompile Include="..\..\src\Kepri3D\InputManager.cpp">
      <Filter>Core</Filter>
    </ClCompile>
    <ClCompile Include="..\..\src\Kepri3D\ParticleSystem.cpp">
      <Filter>Core</Filter>
    </ClCompile>
    <ClCompile Include="..\..\src\Kepri3D\ResourceManager.cpp">
      <Filter>Core</Filter>
    </ClCompile>
    <ClCompile Include="..\..\src\Kepri3D\Scene.cpp">
      <Filter>Core</Filter>
    </ClCompile>
    <ClCompile Include="..\..\src\Kepri3D\UI\Text.cpp">
      <Filter>UI</Filter>
    </ClCompile>
    <ClCompile Include="..\..\src\Kepri3D\Fisica\Rigid.cpp">
      <Filter>Fisicas</Filter>
    </ClCompile>
    <ClCompile Include="..\..\src\Kepri3D\Fisica\Collider.cpp">
      <Filter>Fisicas</Filter>
    </ClCompile>
    <ClCompile Include="..\..\src\Kepri3D\Graficos\Renderer.cpp">
      <Filter>Graficos</Filter>
    </ClCompile>
  </ItemGroup>
  <ItemGroup>
    <ClInclude Include="..\..\src\Kepri3D\Utils\checkML.h">
      <Filter>Utils</Filter>
    </ClInclude>
    <ClInclude Include="..\..\src\Kepri3D\Utils\MeshLoader.h">
      <Filter>Utils</Filter>
    </ClInclude>
    <ClInclude Include="..\..\src\Kepri3D\Utils\Pixmap32RGBA.h">
      <Filter>Utils</Filter>
    </ClInclude>
    <ClInclude Include="..\..\src\Kepri3D\Utils\stb_image.h">
      <Filter>Utils</Filter>
    </ClInclude>
    <ClInclude Include="..\..\src\Kepri3D\Utils\Utils.h">
      <Filter>Utils</Filter>
    </ClInclude>
    <ClInclude Include="..\..\src\Kepri3D\UI\Button.h">
      <Filter>UI</Filter>
    </ClInclude>
    <ClInclude Include="..\..\src\Kepri3D\UI\Canvas.h">
      <Filter>UI</Filter>
    </ClInclude>
    <ClInclude Include="..\..\src\Kepri3D\UI\UIElement.h">
      <Filter>UI</Filter>
    </ClInclude>
    <ClInclude Include="..\..\src\Kepri3D\Graficos\Camera.h">
      <Filter>Graficos</Filter>
    </ClInclude>
    <ClInclude Include="..\..\src\Kepri3D\Graficos\BufferObjects.h">
      <Filter>Graficos</Filter>
    </ClInclude>
    <ClInclude Include="..\..\src\Kepri3D\Graficos\Light.h">
      <Filter>Graficos</Filter>
    </ClInclude>
    <ClInclude Include="..\..\src\Kepri3D\Graficos\Material.h">
      <Filter>Graficos</Filter>
    </ClInclude>
    <ClInclude Include="..\..\src\Kepri3D\Graficos\Mesh.h">
      <Filter>Graficos</Filter>
    </ClInclude>
    <ClInclude Include="..\..\src\Kepri3D\Graficos\Shader.h">
      <Filter>Graficos</Filter>
    </ClInclude>
    <ClInclude Include="..\..\src\Kepri3D\Graficos\Texture.h">
      <Filter>Graficos</Filter>
    </ClInclude>
    <ClInclude Include="..\..\src\Kepri3D\Component.h">
      <Filter>Core</Filter>
    </ClInclude>
    <ClInclude Include="..\..\src\Kepri3D\Entity.h">
      <Filter>Core</Filter>
    </ClInclude>
    <ClInclude Include="..\..\src\Kepri3D\Game.h">
      <Filter>Core</Filter>
    </ClInclude>
    <ClInclude Include="..\..\src\Kepri3D\InputManager.h">
      <Filter>Core</Filter>
    </ClInclude>
    <ClInclude Include="..\..\src\Kepri3D\Kepri3D.h">
      <Filter>Core</Filter>
    </ClInclude>
    <ClInclude Include="..\..\src\Kepri3D\ParticleSystem.h">
      <Filter>Core</Filter>
    </ClInclude>
    <ClInclude Include="..\..\src\Kepri3D\ResourceManager.h">
      <Filter>Core</Filter>
    </ClInclude>
    <ClInclude Include="..\..\src\Kepri3D\Scene.h">
      <Filter>Core</Filter>
    </ClInclude>
    <ClInclude Include="..\..\src\Kepri3D\UI\Text.h">
      <Filter>UI</Filter>
    </ClInclude>
    <ClInclude Include="..\..\src\Kepri3D\Fisica\Rigid.h">
      <Filter>Fisicas</Filter>
    </ClInclude>
    <ClInclude Include="..\..\src\Kepri3D\Fisica\Collider.h">
      <Filter>Fisicas</Filter>
    </ClInclude>
    <ClInclude Include="..\..\src\Kepri3D\Graficos\Renderer.h">
      <Filter>Graficos</Filter>
    </ClInclude>
  </ItemGroup>
</Project>