<?xml version="1.0" encoding="utf-8"?>
<Project ToolsVersion="4.0" xmlns="http://schemas.microsoft.com/developer/msbuild/2003">
  <ItemGroup>
    <Filter Include="Sonido">
      <UniqueIdentifier>{fc7f2f99-71ff-40a4-9e4b-aa1cf7c866a5}</UniqueIdentifier>
    </Filter>
    <Filter Include="Core">
      <UniqueIdentifier>{0e519eac-6c66-405d-93f5-fa4f3dac0e66}</UniqueIdentifier>
    </Filter>
    <Filter Include="Graficos">
      <UniqueIdentifier>{8067686d-b6d1-49b6-8e52-825d723efb7a}</UniqueIdentifier>
    </Filter>
  </ItemGroup>
  <ItemGroup>
    <ClCompile Include="..\..\test\main.cpp" />
    <ClCompile Include="..\..\test\Sonido\Audio_test.cpp">
      <Filter>Sonido</Filter>
    </ClCompile>
    <ClCompile Include="..\..\test\Entity_test.cpp">
      <Filter>Core</Filter>
    </ClCompile>
    <ClCompile Include="..\..\test\TestSuite.cpp" />
    <ClCompile Include="..\..\test\Graficos\MaterialSuite.cpp">
      <Filter>Graficos</Filter>
    </ClCompile>
    <ClCompile Include="..\..\test\Game_test.cpp">
      <Filter>Core</Filter>
    </ClCompile>
  </ItemGroup>
  <ItemGroup>
    <ClInclude Include="..\..\test\Sonido\Audio_test.h">
      <Filter>Sonido</Filter>
    </ClInclude>
    <ClInclude Include="..\..\test\Entity_test.h">
      <Filter>Core</Filter>
    </ClInclude>
    <ClInclude Include="..\..\test\TestSuite.h" />
    <ClInclude Include="..\..\test\Graficos\MaterialSuite.h">
      <Filter>Graficos</Filter>
    </ClInclude>
    <ClInclude Include="..\..\test\Game_test.h">
      <Filter>Core</Filter>
    </ClInclude>
  </ItemGroup>
</Project>