<?xml version="1.0" encoding="utf-8"?>
<Project ToolsVersion="4.0" xmlns="http://schemas.microsoft.com/developer/msbuild/2003">
  <ItemGroup>
    <Filter Include="Archivos de origen">
      <UniqueIdentifier>{4FC737F1-C7A5-4376-A066-2A32D752A2FF}</UniqueIdentifier>
      <Extensions>cpp;c;cc;cxx;c++;cppm;ixx;def;odl;idl;hpj;bat;asm;asmx</Extensions>
    </Filter>
    <Filter Include="UI">
      <UniqueIdentifier>{7074cc85-ccd5-42a0-b175-21860ce6f3f5}</UniqueIdentifier>
    </Filter>
    <Filter Include="Core">
      <UniqueIdentifier>{d450db40-db6a-4125-b4cd-103db2ae1ab4}</UniqueIdentifier>
    </Filter>
    <Filter Include="Utils">
      <UniqueIdentifier>{382e8342-e976-4d36-a5f2-6fc86c857d7e}</UniqueIdentifier>
    </Filter>
    <Filter Include="Graficos">
      <UniqueIdentifier>{1320ee1d-a25c-4561-85d1-7cbde431e3f4}</UniqueIdentifier>
    </Filter>
    <Filter Include="Shaders">
      <UniqueIdentifier>{d31576a6-8d65-4862-8c83-08989f0987c3}</UniqueIdentifier>
    </Filter>
    <Filter Include="Shaders\Postprocess">
      <UniqueIdentifier>{e55dff7b-21c4-4953-b8d1-7c0374184db0}</UniqueIdentifier>
    </Filter>
  </ItemGroup>
  <ItemGroup>
    <ClCompile Include="..\src\UI\Button.cpp">
      <Filter>UI</Filter>
    </ClCompile>
    <ClCompile Include="..\src\Entity.cpp">
      <Filter>Core</Filter>
    </ClCompile>
    <ClCompile Include="..\src\Scene.cpp">
      <Filter>Core</Filter>
    </ClCompile>
    <ClCompile Include="..\src\ResourceManager.cpp">
      <Filter>Core</Filter>
    </ClCompile>
    <ClCompile Include="..\src\UI\Canvas.cpp">
      <Filter>UI</Filter>
    </ClCompile>
    <ClCompile Include="..\src\UI\UIElement.cpp">
      <Filter>UI</Filter>
    </ClCompile>
    <ClCompile Include="..\src\InputManager.cpp">
      <Filter>Core</Filter>
    </ClCompile>
    <ClCompile Include="..\src\Game.cpp">
      <Filter>Core</Filter>
    </ClCompile>
    <ClCompile Include="..\src\Juego\GameManager.cpp">
      <Filter>Archivos de origen</Filter>
    </ClCompile>
    <ClCompile Include="..\src\Juego\SpaceScene.cpp">
      <Filter>Archivos de origen</Filter>
    </ClCompile>
    <ClCompile Include="..\src\Juego\PruebaScene.cpp">
      <Filter>Archivos de origen</Filter>
    </ClCompile>
    <ClCompile Include="..\src\ParticleSystem.cpp">
      <Filter>Core</Filter>
    </ClCompile>
    <ClCompile Include="..\src\Juego\Main.cpp">
      <Filter>Archivos de origen</Filter>
    </ClCompile>
    <ClCompile Include="..\src\Utils\MeshLoader.cpp">
      <Filter>Utils</Filter>
    </ClCompile>
    <ClCompile Include="..\src\Utils\Pixmap32RGBA.cpp">
      <Filter>Utils</Filter>
    </ClCompile>
    <ClCompile Include="..\src\Utils\Utils.cpp">
      <Filter>Utils</Filter>
    </ClCompile>
    <ClCompile Include="..\src\Graficos\Camera.cpp">
      <Filter>Graficos</Filter>
    </ClCompile>
    <ClCompile Include="..\src\Graficos\Light.cpp">
      <Filter>Graficos</Filter>
    </ClCompile>
    <ClCompile Include="..\src\Graficos\Material.cpp">
      <Filter>Graficos</Filter>
    </ClCompile>
    <ClCompile Include="..\src\Graficos\Mesh.cpp">
      <Filter>Graficos</Filter>
    </ClCompile>
    <ClCompile Include="..\src\Graficos\Shader.cpp">
      <Filter>Graficos</Filter>
    </ClCompile>
    <ClCompile Include="..\src\Graficos\Texture.cpp">
      <Filter>Graficos</Filter>
    </ClCompile>
  </ItemGroup>
  <ItemGroup>
    <ClInclude Include="..\src\UI\Button.h">
      <Filter>UI</Filter>
    </ClInclude>
    <ClInclude Include="..\src\Entity.h">
      <Filter>Core</Filter>
    </ClInclude>
    <ClInclude Include="..\src\Scene.h">
      <Filter>Core</Filter>
    </ClInclude>
    <ClInclude Include="..\src\ResourceManager.h">
      <Filter>Core</Filter>
    </ClInclude>
    <ClInclude Include="..\src\UI\Canvas.h">
      <Filter>UI</Filter>
    </ClInclude>
    <ClInclude Include="..\src\UI\UIElement.h">
      <Filter>UI</Filter>
    </ClInclude>
    <ClInclude Include="..\src\InputManager.h">
      <Filter>Core</Filter>
    </ClInclude>
    <ClInclude Include="..\src\Game.h">
      <Filter>Core</Filter>
    </ClInclude>
    <ClInclude Include="..\src\Juego\GameManager.h">
      <Filter>Archivos de origen</Filter>
    </ClInclude>
    <ClInclude Include="..\src\Juego\SpaceScene.h">
      <Filter>Archivos de origen</Filter>
    </ClInclude>
    <ClInclude Include="..\src\Juego\PruebaScene.h">
      <Filter>Archivos de origen</Filter>
    </ClInclude>
    <ClInclude Include="..\src\Kepri3D.h">
      <Filter>Core</Filter>
    </ClInclude>
    <ClInclude Include="..\src\ParticleSystem.h">
      <Filter>Core</Filter>
    </ClInclude>
    <ClInclude Include="..\src\Utils\checkML.h">
      <Filter>Utils</Filter>
    </ClInclude>
    <ClInclude Include="..\src\Utils\MeshLoader.h">
      <Filter>Utils</Filter>
    </ClInclude>
    <ClInclude Include="..\src\Utils\Pixmap32RGBA.h">
      <Filter>Utils</Filter>
    </ClInclude>
    <ClInclude Include="..\src\Utils\Utils.h">
      <Filter>Utils</Filter>
    </ClInclude>
    <ClInclude Include="..\src\Graficos\Camera.h">
      <Filter>Graficos</Filter>
    </ClInclude>
    <ClInclude Include="..\src\Graficos\Light.h">
      <Filter>Graficos</Filter>
    </ClInclude>
    <ClInclude Include="..\src\Graficos\Material.h">
      <Filter>Graficos</Filter>
    </ClInclude>
    <ClInclude Include="..\src\Graficos\Mesh.h">
      <Filter>Graficos</Filter>
    </ClInclude>
    <ClInclude Include="..\src\Graficos\Shader.h">
      <Filter>Graficos</Filter>
    </ClInclude>
    <ClInclude Include="..\src\Graficos\Texture.h">
      <Filter>Graficos</Filter>
    </ClInclude>
    <ClInclude Include="..\src\Utils\stb_image.h">
      <Filter>Utils</Filter>
    </ClInclude>
  </ItemGroup>
  <ItemGroup>
    <None Include="..\bin\assets\shaders\cruces.geom">
      <Filter>Shaders</Filter>
    </None>
    <None Include="..\bin\assets\shaders\default.geom">
      <Filter>Shaders</Filter>
    </None>
    <None Include="..\bin\assets\shaders\lights.vert">
      <Filter>Shaders</Filter>
    </None>
    <None Include="..\bin\assets\shaders\fog.frag">
      <Filter>Shaders</Filter>
    </None>
    <None Include="..\bin\assets\shaders\maximize.vert">
      <Filter>Shaders</Filter>
    </None>
    <None Include="..\bin\assets\shaders\movimiento.frag">
      <Filter>Shaders</Filter>
    </None>
    <None Include="..\bin\assets\shaders\normals.frag">
      <Filter>Shaders</Filter>
    </None>
    <None Include="..\bin\assets\shaders\normals.geom">
      <Filter>Shaders</Filter>
    </None>
    <None Include="..\bin\assets\shaders\normals.vert">
      <Filter>Shaders</Filter>
    </None>
    <None Include="..\bin\assets\shaders\particle.frag">
      <Filter>Shaders</Filter>
    </None>
    <None Include="..\bin\assets\shaders\particle.vert">
      <Filter>Shaders</Filter>
    </None>
    <None Include="..\bin\assets\shaders\skybox.frag">
      <Filter>Shaders</Filter>
    </None>
    <None Include="..\bin\assets\shaders\skybox.vert">
      <Filter>Shaders</Filter>
    </None>
    <None Include="..\bin\assets\shaders\specularMap.frag">
      <Filter>Shaders</Filter>
    </None>
    <None Include="..\bin\assets\shaders\postprocess\composite.vert">
      <Filter>Shaders\Postprocess</Filter>
    </None>
    <None Include="..\bin\assets\shaders\postprocess\interference.frag">
      <Filter>Shaders\Postprocess</Filter>
    </None>
    <None Include="..\bin\assets\shaders\postprocess\waves.frag">
      <Filter>Shaders\Postprocess</Filter>
    </None>
    <None Include="..\bin\assets\shaders\lights.frag">
      <Filter>Shaders</Filter>
    </None>
    <None Include="..\bin\assets\shaders\default.vert">
      <Filter>Shaders</Filter>
    </None>
    <None Include="..\bin\assets\shaders\default.frag">
      <Filter>Shaders</Filter>
    </None>
  </ItemGroup>
</Project>